
Microsoft Visual Studio Solution File, Format Version 11.00
# Visual Studio 2010
Project("{FAE04EC0-301F-11D3-BF4B-00C04F79EFBC}") = "Unity.2D.Animation.Editor", "Unity.2D.Animation.Editor.csproj", "{7f615c76-ebbd-5702-b0ba-1f9f49d63a4a}"
EndProject
Project("{FAE04EC0-301F-11D3-BF4B-00C04F79EFBC}") = "Unity.2D.Tilemap.Editor", "Unity.2D.Tilemap.Editor.csproj", "{57f157bf-256f-5ee4-756a-7a53e564fc8c}"
EndProject
Project("{FAE04EC0-301F-11D3-BF4B-00C04F79EFBC}") = "UnityEngine.UI", "UnityEngine.UI.csproj", "{5e77d40b-d726-029c-7de1-17e19d9a91ff}"
EndProject
Project("{FAE04EC0-301F-11D3-BF4B-00C04F79EFBC}") = "Unity.InputSystem", "Unity.InputSystem.csproj", "{757a126a-ca30-223a-6eda-4cb6a7b356af}"
EndProject
Project("{FAE04EC0-301F-11D3-BF4B-00C04F79EFBC}") = "Unity.2D.Aseprite.Editor", "Unity.2D.Aseprite.Editor.csproj", "{6e0b9629-f73a-e18b-d23e-66099e75284f}"
EndProject
Project("{FAE04EC0-301F-11D3-BF4B-00C04F79EFBC}") = "Unity.2D.Psdimporter.Editor", "Unity.2D.Psdimporter.Editor.csproj", "{873f5279-9f3d-e288-a34c-e28ddf4953cd}"
EndProject
Project("{FAE04EC0-301F-11D3-BF4B-00C04F79EFBC}") = "UnityEditor.UI", "UnityEditor.UI.csproj", "{e9be801b-70b2-b759-812e-be04d24747e2}"
EndProject
Project("{FAE04EC0-301F-11D3-BF4B-00C04F79EFBC}") = "UnityEngine.TestRunner", "UnityEngine.TestRunner.csproj", "{ef4f3620-4349-1fdd-b649-aa4ff5a2042d}"
EndProject
Project("{FAE04EC0-301F-11D3-BF4B-00C04F79EFBC}") = "Unity.Mathematics", "Unity.Mathematics.csproj", "{5d6bd455-b029-919c-fb01-2a5d8174cc25}"
EndProject
Project("{FAE04EC0-301F-11D3-BF4B-00C04F79EFBC}") = "Unity.Multiplayer.Center.Editor", "Unity.Multiplayer.Center.Editor.csproj", "{cf5400c9-e720-0e6c-18d3-a7e226076a59}"
EndProject
Project("{FAE04EC0-301F-11D3-BF4B-00C04F79EFBC}") = "Unity.2D.Common.Path.Editor", "Unity.2D.Common.Path.Editor.csproj", "{812b7b5e-0f22-bed9-d231-843ec5f5a593}"
EndProject
Project("{FAE04EC0-301F-11D3-BF4B-00C04F79EFBC}") = "Assembly-CSharp", "Assembly-CSharp.csproj", "{ba9efd0e-52a4-fdae-46e5-bb6b8e4fbffe}"
EndProject
Project("{FAE04EC0-301F-11D3-BF4B-00C04F79EFBC}") = "Unity.Collections", "Unity.Collections.csproj", "{1f4fd7da-acf0-1bb1-d978-9b6e43698eb6}"
EndProject
Project("{FAE04EC0-301F-11D3-BF4B-00C04F79EFBC}") = "Unity.2D.IK.Runtime", "Unity.2D.IK.Runtime.csproj", "{7838f050-f470-22ce-3ee9-4e0cc674baf0}"
EndProject
Project("{FAE04EC0-301F-11D3-BF4B-00C04F79EFBC}") = "UnityEditor.TestRunner", "UnityEditor.TestRunner.csproj", "{ae801b2e-e84e-d73d-ad1c-cbc6fb182ff8}"
EndProject
Project("{FAE04EC0-301F-11D3-BF4B-00C04F79EFBC}") = "Unity.PerformanceTesting.Editor", "Unity.PerformanceTesting.Editor.csproj", "{47ea9a30-ab20-2501-411e-5999f2f74064}"
EndProject
Project("{FAE04EC0-301F-11D3-BF4B-00C04F79EFBC}") = "PsdPlugin", "PsdPlugin.csproj", "{4e4afeb1-2d95-c39e-4800-b2792adb3db5}"
EndProject
Project("{FAE04EC0-301F-11D3-BF4B-00C04F79EFBC}") = "Unity.Burst", "Unity.Burst.csproj", "{7b7c76ec-0d1e-043b-5cd9-3b2b753cbd76}"
EndProject
Project("{FAE04EC0-301F-11D3-BF4B-00C04F79EFBC}") = "Unity.2D.SpriteShape.Editor", "Unity.2D.SpriteShape.Editor.csproj", "{b1c29152-6807-e7d2-bc4c-953bee0f1233}"
EndProject
Project("{FAE04EC0-301F-11D3-BF4B-00C04F79EFBC}") = "Unity.VisualStudio.Editor", "Unity.VisualStudio.Editor.csproj", "{3f016496-3576-dcb5-4361-a2d4fc3fdf14}"
EndProject
Project("{FAE04EC0-301F-11D3-BF4B-00C04F79EFBC}") = "Unity.PerformanceTesting", "Unity.PerformanceTesting.csproj", "{b4dc985c-1ecf-f225-1944-27924f453045}"
EndProject
Project("{FAE04EC0-301F-11D3-BF4B-00C04F79EFBC}") = "Unity.2D.Tilemap.Extras.Editor", "Unity.2D.Tilemap.Extras.Editor.csproj", "{3fa8dd5a-28b5-4811-f331-0bb7ed253bf1}"
EndProject
Project("{FAE04EC0-301F-11D3-BF4B-00C04F79EFBC}") = "Unity.TextMeshPro.Editor", "Unity.TextMeshPro.Editor.csproj", "{edaa3439-f68f-2675-2437-e5002693b044}"
EndProject
Project("{FAE04EC0-301F-11D3-BF4B-00C04F79EFBC}") = "Unity.Rider.Editor", "Unity.Rider.Editor.csproj", "{42a3ab17-423d-1fdc-5601-7610a8611a08}"
EndProject
Project("{FAE04EC0-301F-11D3-BF4B-00C04F79EFBC}") = "Unity.InternalAPIEditorBridge.001", "Unity.InternalAPIEditorBridge.001.csproj", "{f9dac681-d5a3-00d4-de5e-c91e9b14d6ef}"
EndProject
Project("{FAE04EC0-301F-11D3-BF4B-00C04F79EFBC}") = "Unity.2D.SpriteShape.Runtime", "Unity.2D.SpriteShape.Runtime.csproj", "{37e5f22a-7177-267c-ca59-b7deafb36fd1}"
EndProject
Project("{FAE04EC0-301F-11D3-BF4B-00C04F79EFBC}") = "Unity.2D.Animation.Runtime", "Unity.2D.Animation.Runtime.csproj", "{7df4330d-d0d0-d13a-631e-d6051a73340c}"
EndProject
Project("{FAE04EC0-301F-11D3-BF4B-00C04F79EFBC}") = "ScriptablePacker", "ScriptablePacker.csproj", "{60788185-5c63-596d-366e-abe0fb6e6d48}"
EndProject
Project("{FAE04EC0-301F-11D3-BF4B-00C04F79EFBC}") = "Unity.Burst.CodeGen", "Unity.Burst.CodeGen.csproj", "{4d18beee-4eaa-d232-d726-fda69790b70e}"
EndProject
Project("{FAE04EC0-301F-11D3-BF4B-00C04F79EFBC}") = "Unity.2D.Tilemap.Extras", "Unity.2D.Tilemap.Extras.csproj", "{2accb092-e2f7-3e72-cd02-f2627e50fd5d}"
EndProject
Project("{FAE04EC0-301F-11D3-BF4B-00C04F79EFBC}") = "Unity.TextMeshPro", "Unity.TextMeshPro.csproj", "{80222b3f-d571-3b60-273f-c4aa76ea83c8}"
EndProject
Project("{FAE04EC0-301F-11D3-BF4B-00C04F79EFBC}") = "Unity.InputSystem.TestFramework", "Unity.InputSystem.TestFramework.csproj", "{23b1beab-975d-f24d-9afe-172bbce2e70c}"
EndProject
Project("{FAE04EC0-301F-11D3-BF4B-00C04F79EFBC}") = "Unity.2D.Aseprite.Common", "Unity.2D.Aseprite.Common.csproj", "{ea431729-b580-7903-daa5-f692c71297a5}"
EndProject
Project("{FAE04EC0-301F-11D3-BF4B-00C04F79EFBC}") = "Unity.2D.IK.Editor", "Unity.2D.IK.Editor.csproj", "{1a8e44f7-efb8-e639-59fb-118cd5a0c059}"
EndProject
Project("{FAE04EC0-301F-11D3-BF4B-00C04F79EFBC}") = "Unity.InternalAPIEngineBridge.001", "Unity.InternalAPIEngineBridge.001.csproj", "{a3a75146-9931-c2c0-2d23-898e4d30e3a7}"
EndProject
Project("{FAE04EC0-301F-11D3-BF4B-00C04F79EFBC}") = "Unity.Burst.Editor", "Unity.Burst.Editor.csproj", "{5cb32d92-d729-5ce6-d9e0-8eb89f80afbd}"
EndProject
Project("{FAE04EC0-301F-11D3-BF4B-00C04F79EFBC}") = "Unity.2D.Common.Editor", "Unity.2D.Common.Editor.csproj", "{21d8395f-5eb7-7102-cede-2daa764220a5}"
EndProject
Project("{FAE04EC0-301F-11D3-BF4B-00C04F79EFBC}") = "Unity.2D.Sprite.Editor", "Unity.2D.Sprite.Editor.csproj", "{1c2c516a-2046-bab2-40e6-360f4f6e35b3}"
EndProject
Project("{FAE04EC0-301F-11D3-BF4B-00C04F79EFBC}") = "Unity.2D.PixelPerfect", "Unity.2D.PixelPerfect.csproj", "{43035f68-b798-a714-140a-2a8f140944e2}"
EndProject
Project("{FAE04EC0-301F-11D3-BF4B-00C04F79EFBC}") = "Unity.2D.PixelPerfect.Editor", "Unity.2D.PixelPerfect.Editor.csproj", "{d53394b7-a3eb-7409-b9c6-93f15029a288}"
EndProject
Project("{FAE04EC0-301F-11D3-BF4B-00C04F79EFBC}") = "Unity.2D.Common.Runtime", "Unity.2D.Common.Runtime.csproj", "{063bee7d-7cf9-50e3-04b3-167df8cef024}"
EndProject
Project("{FAE04EC0-301F-11D3-BF4B-00C04F79EFBC}") = "Unity.Multiplayer.Center.Common", "Unity.Multiplayer.Center.Common.csproj", "{2752ee1a-ab1c-81fa-dea5-ee6925210a78}"
EndProject
Project("{FAE04EC0-301F-11D3-BF4B-00C04F79EFBC}") = "Unity.InputSystem.ForUI", "Unity.InputSystem.ForUI.csproj", "{fd60a90e-8938-673a-dc90-724c0c434be1}"
EndProject
Project("{FAE04EC0-301F-11D3-BF4B-00C04F79EFBC}") = "Unity.Collections.CodeGen", "Unity.Collections.CodeGen.csproj", "{9aa76bf6-083c-5511-2fe9-67fdc20a783d}"
EndProject
Project("{FAE04EC0-301F-11D3-BF4B-00C04F79EFBC}") = "Unity.Mathematics.Editor", "Unity.Mathematics.Editor.csproj", "{f67d1be2-db92-63d8-7be4-2b9786331ae6}"
EndProject
Project("{FAE04EC0-301F-11D3-BF4B-00C04F79EFBC}") = "Unity.Collections.Editor", "Unity.Collections.Editor.csproj", "{d4b7867d-810e-9242-5503-adf62601054a}"
EndProject
Project("{FAE04EC0-301F-11D3-BF4B-00C04F79EFBC}") = "UnityEngine.UI", "UnityEngine.UI.Player.csproj", "{910278a8-b655-43f8-48d6-cde1b63e50b8}"
EndProject
Project("{FAE04EC0-301F-11D3-BF4B-00C04F79EFBC}") = "Unity.InputSystem", "Unity.InputSystem.Player.csproj", "{44741269-bda8-f1aa-d71a-59e95d387bf3}"
EndProject
Project("{FAE04EC0-301F-11D3-BF4B-00C04F79EFBC}") = "UnityEngine.TestRunner", "UnityEngine.TestRunner.Player.csproj", "{d3b72e09-2640-a843-243c-41a8aad55972}"
EndProject
Project("{FAE04EC0-301F-11D3-BF4B-00C04F79EFBC}") = "Unity.Mathematics", "Unity.Mathematics.Player.csproj", "{2766fed0-a907-737d-efeb-d205be93949c}"
EndProject
Project("{FAE04EC0-301F-11D3-BF4B-00C04F79EFBC}") = "Assembly-CSharp", "Assembly-CSharp.Player.csproj", "{7912eeea-9f68-5aae-05f6-bc538f10c647}"
EndProject
Project("{FAE04EC0-301F-11D3-BF4B-00C04F79EFBC}") = "Unity.Collections", "Unity.Collections.Player.csproj", "{aad1b290-68d5-6a34-0618-68c9d354abbf}"
EndProject
Project("{FAE04EC0-301F-11D3-BF4B-00C04F79EFBC}") = "Unity.2D.IK.Runtime", "Unity.2D.IK.Runtime.Player.csproj", "{39bb65c4-fbf6-6273-b1fc-a48d1076319f}"
EndProject
Project("{FAE04EC0-301F-11D3-BF4B-00C04F79EFBC}") = "Unity.Burst", "Unity.Burst.Player.csproj", "{b73f6214-fa9d-4486-6ee6-a1d1709d2ccd}"
EndProject
Project("{FAE04EC0-301F-11D3-BF4B-00C04F79EFBC}") = "Unity.PerformanceTesting", "Unity.PerformanceTesting.Player.csproj", "{abac3b4c-608c-eba4-0ae8-389847345990}"
EndProject
Project("{FAE04EC0-301F-11D3-BF4B-00C04F79EFBC}") = "Unity.2D.SpriteShape.Runtime", "Unity.2D.SpriteShape.Runtime.Player.csproj", "{a93569ac-11f8-5142-d295-fe528d50fb0f}"
EndProject
Project("{FAE04EC0-301F-11D3-BF4B-00C04F79EFBC}") = "Unity.2D.Animation.Runtime", "Unity.2D.Animation.Runtime.Player.csproj", "{ba144159-d6fd-c146-c65d-85ba54a5487b}"
EndProject
Project("{FAE04EC0-301F-11D3-BF4B-00C04F79EFBC}") = "Unity.2D.Tilemap.Extras", "Unity.2D.Tilemap.Extras.Player.csproj", "{ff14903c-ac0e-26b7-9a6a-3c8466b59a52}"
EndProject
Project("{FAE04EC0-301F-11D3-BF4B-00C04F79EFBC}") = "Unity.TextMeshPro", "Unity.TextMeshPro.Player.csproj", "{1b836058-2b55-b538-567a-a8041f2c25e9}"
EndProject
Project("{FAE04EC0-301F-11D3-BF4B-00C04F79EFBC}") = "Unity.InputSystem.TestFramework", "Unity.InputSystem.TestFramework.Player.csproj", "{56ae2ea7-bd45-5aad-639f-30f8a490cfc8}"
EndProject
Project("{FAE04EC0-301F-11D3-BF4B-00C04F79EFBC}") = "Unity.InternalAPIEngineBridge.001", "Unity.InternalAPIEngineBridge.001.Player.csproj", "{51362fdb-3f8e-ca15-1ef3-c43957496e19}"
EndProject
Project("{FAE04EC0-301F-11D3-BF4B-00C04F79EFBC}") = "Unity.2D.PixelPerfect", "Unity.2D.PixelPerfect.Player.csproj", "{33f02c86-8f52-9be9-1286-0487c9c95227}"
EndProject
Project("{FAE04EC0-301F-11D3-BF4B-00C04F79EFBC}") = "Unity.2D.Common.Runtime", "Unity.2D.Common.Runtime.Player.csproj", "{17fa60db-90ca-0e93-746f-acd794430d24}"
EndProject
Project("{FAE04EC0-301F-11D3-BF4B-00C04F79EFBC}") = "Unity.Multiplayer.Center.Common", "Unity.Multiplayer.Center.Common.Player.csproj", "{07795461-a234-5f4e-394d-69a5ba7bdee3}"
EndProject
Project("{FAE04EC0-301F-11D3-BF4B-00C04F79EFBC}") = "Unity.InputSystem.ForUI", "Unity.InputSystem.ForUI.Player.csproj", "{281c13bb-3252-42a8-e89e-74d3fd07af9d}"
EndProject
Project("{FAE04EC0-301F-11D3-BF4B-00C04F79EFBC}") = "Unity.Mathematics.Tests", "Unity.Mathematics.Tests.csproj", "{0d1412b7-9ac2-2819-a316-e416f3478aed}"
EndProject
Project("{FAE04EC0-301F-11D3-BF4B-00C04F79EFBC}") = "Unity.2D.Aseprite.EditorTests", "Unity.2D.Aseprite.EditorTests.csproj", "{d1af44fd-e031-ac01-2040-81b7daca9ac9}"
EndProject
Project("{FAE04EC0-301F-11D3-BF4B-00C04F79EFBC}") = "Unity.Collections.DocCodeSamples", "Unity.Collections.DocCodeSamples.csproj", "{9638b4e9-aa80-46f5-55d4-146d86817dfc}"
EndProject
Project("{FAE04EC0-301F-11D3-BF4B-00C04F79EFBC}") = "Unity.2D.Sprite.Package.EditorTests", "Unity.2D.Sprite.Package.EditorTests.csproj", "{0c978e49-4f7c-9b8a-81b2-b7a654394fe8}"
EndProject
Project("{FAE04EC0-301F-11D3-BF4B-00C04F79EFBC}") = "Unity.2D.PixelPerfect.EditorTests", "Unity.2D.PixelPerfect.EditorTests.csproj", "{68ef8910-062a-f42b-f46e-afe4513adc7e}"
EndProject
Project("{FAE04EC0-301F-11D3-BF4B-00C04F79EFBC}") = "Unity.2D.SpriteShape.EditorTests", "Unity.2D.SpriteShape.EditorTests.csproj", "{dacb0b5d-65d0-0279-56a0-ad95ff4f89c6}"
EndProject
Project("{FAE04EC0-301F-11D3-BF4B-00C04F79EFBC}") = "Unity.2D.Common.EditorTests", "Unity.2D.Common.EditorTests.csproj", "{34640cf3-4569-d2da-29e9-ab810e684795}"
EndProject
Project("{FAE04EC0-301F-11D3-BF4B-00C04F79EFBC}") = "Unity.Collections.PerformanceTests", "Unity.Collections.PerformanceTests.csproj", "{574c86c4-ce8d-2e18-39b5-4a124caf92ae}"
EndProject
Project("{FAE04EC0-301F-11D3-BF4B-00C04F79EFBC}") = "Unity.TextMeshPro.Editor.Tests", "Unity.TextMeshPro.Editor.Tests.csproj", "{f040ec2d-9bfe-b28f-79b9-6893188e865b}"
EndProject
Project("{FAE04EC0-301F-11D3-BF4B-00C04F79EFBC}") = "Unity.Multiplayer.Center.Tests", "Unity.Multiplayer.Center.Tests.csproj", "{2f286697-f272-1214-6536-7118e33c7f93}"
EndProject
Project("{FAE04EC0-301F-11D3-BF4B-00C04F79EFBC}") = "Unity.Collections.Tests", "Unity.Collections.Tests.csproj", "{45374b0b-5f61-94ff-30ad-3832faa45006}"
EndProject
Project("{FAE04EC0-301F-11D3-BF4B-00C04F79EFBC}") = "Unity.2D.Psdimporter.EditorTests", "Unity.2D.Psdimporter.EditorTests.csproj", "{c5b3a745-0a97-6d00-725e-330e03f184ae}"
EndProject
Project("{FAE04EC0-301F-11D3-BF4B-00C04F79EFBC}") = "Unity.Multiplayer.Center.Editor.Tests", "Unity.Multiplayer.Center.Editor.Tests.csproj", "{45e5b32a-b7f5-c38e-3ca0-6b5de765df75}"
EndProject
Project("{FAE04EC0-301F-11D3-BF4B-00C04F79EFBC}") = "UnityEngine.UI.Tests", "UnityEngine.UI.Tests.csproj", "{224292aa-fd84-83f5-5483-7a91246967f8}"
EndProject
Project("{FAE04EC0-301F-11D3-BF4B-00C04F79EFBC}") = "Unity.InputSystem.IntegrationTests", "Unity.InputSystem.IntegrationTests.csproj", "{9a85f765-481d-3cef-6d4e-55de41e3ac33}"
EndProject
Project("{FAE04EC0-301F-11D3-BF4B-00C04F79EFBC}") = "Unity.Collections.Tests.Playmode", "Unity.Collections.Tests.Playmode.csproj", "{3676e426-137a-8ed7-c620-63131fe3b7e1}"
EndProject
Project("{FAE04EC0-301F-11D3-BF4B-00C04F79EFBC}") = "Unity.Nuget.Mono-Cecil", "Unity.Nuget.Mono-Cecil.csproj", "{1fe804c1-4aa6-b41c-27fd-cc21086ad086}"
EndProject
Project("{FAE04EC0-301F-11D3-BF4B-00C04F79EFBC}") = "Unity.2D.Animation.EditorTests", "Unity.2D.Animation.EditorTests.csproj", "{a3c0cd75-6d81-c764-c7d3-53af42c52fa8}"
EndProject
Project("{FAE04EC0-301F-11D3-BF4B-00C04F79EFBC}") = "Unity.TextMeshPro.Tests", "Unity.TextMeshPro.Tests.csproj", "{e800a0c3-44a8-c483-03f6-2b1221c6dad5}"
EndProject
Project("{FAE04EC0-301F-11D3-BF4B-00C04F79EFBC}") = "UnityEditor.UI.EditorTests", "UnityEditor.UI.EditorTests.csproj", "{4014936e-9c3e-e189-a87e-b0de5996be7f}"
EndProject
Project("{FAE04EC0-301F-11D3-BF4B-00C04F79EFBC}") = "Unity.2D.Tilemap.Package.EditorTests", "Unity.2D.Tilemap.Package.EditorTests.csproj", "{dbf5bcb8-560e-eb11-c1c4-4774f2719558}"
EndProject
Project("{FAE04EC0-301F-11D3-BF4B-00C04F79EFBC}") = "Unity.Collections.BurstCompatibilityGen", "Unity.Collections.BurstCompatibilityGen.csproj", "{cac910ae-7b18-a150-4fa1-651ce28290bf}"
EndProject
Global
	GlobalSection(SolutionConfigurationPlatforms) = preSolution
		Debug|Any CPU = Debug|Any CPU
	EndGlobalSection
	GlobalSection(ProjectConfigurationPlatforms) = postSolution
		{7f615c76-ebbd-5702-b0ba-1f9f49d63a4a}.Debug|Any CPU.ActiveCfg = Debug|Any CPU
		{7f615c76-ebbd-5702-b0ba-1f9f49d63a4a}.Debug|Any CPU.Build.0 = Debug|Any CPU
		{57f157bf-256f-5ee4-756a-7a53e564fc8c}.Debug|Any CPU.ActiveCfg = Debug|Any CPU
		{57f157bf-256f-5ee4-756a-7a53e564fc8c}.Debug|Any CPU.Build.0 = Debug|Any CPU
		{5e77d40b-d726-029c-7de1-17e19d9a91ff}.Debug|Any CPU.ActiveCfg = Debug|Any CPU
		{5e77d40b-d726-029c-7de1-17e19d9a91ff}.Debug|Any CPU.Build.0 = Debug|Any CPU
		{757a126a-ca30-223a-6eda-4cb6a7b356af}.Debug|Any CPU.ActiveCfg = Debug|Any CPU
		{757a126a-ca30-223a-6eda-4cb6a7b356af}.Debug|Any CPU.Build.0 = Debug|Any CPU
		{6e0b9629-f73a-e18b-d23e-66099e75284f}.Debug|Any CPU.ActiveCfg = Debug|Any CPU
		{6e0b9629-f73a-e18b-d23e-66099e75284f}.Debug|Any CPU.Build.0 = Debug|Any CPU
		{873f5279-9f3d-e288-a34c-e28ddf4953cd}.Debug|Any CPU.ActiveCfg = Debug|Any CPU
		{873f5279-9f3d-e288-a34c-e28ddf4953cd}.Debug|Any CPU.Build.0 = Debug|Any CPU
		{e9be801b-70b2-b759-812e-be04d24747e2}.Debug|Any CPU.ActiveCfg = Debug|Any CPU
		{e9be801b-70b2-b759-812e-be04d24747e2}.Debug|Any CPU.Build.0 = Debug|Any CPU
		{ef4f3620-4349-1fdd-b649-aa4ff5a2042d}.Debug|Any CPU.ActiveCfg = Debug|Any CPU
		{ef4f3620-4349-1fdd-b649-aa4ff5a2042d}.Debug|Any CPU.Build.0 = Debug|Any CPU
		{5d6bd455-b029-919c-fb01-2a5d8174cc25}.Debug|Any CPU.ActiveCfg = Debug|Any CPU
		{5d6bd455-b029-919c-fb01-2a5d8174cc25}.Debug|Any CPU.Build.0 = Debug|Any CPU
		{cf5400c9-e720-0e6c-18d3-a7e226076a59}.Debug|Any CPU.ActiveCfg = Debug|Any CPU
		{cf5400c9-e720-0e6c-18d3-a7e226076a59}.Debug|Any CPU.Build.0 = Debug|Any CPU
		{812b7b5e-0f22-bed9-d231-843ec5f5a593}.Debug|Any CPU.ActiveCfg = Debug|Any CPU
		{812b7b5e-0f22-bed9-d231-843ec5f5a593}.Debug|Any CPU.Build.0 = Debug|Any CPU
		{ba9efd0e-52a4-fdae-46e5-bb6b8e4fbffe}.Debug|Any CPU.ActiveCfg = Debug|Any CPU
		{ba9efd0e-52a4-fdae-46e5-bb6b8e4fbffe}.Debug|Any CPU.Build.0 = Debug|Any CPU
		{1f4fd7da-acf0-1bb1-d978-9b6e43698eb6}.Debug|Any CPU.ActiveCfg = Debug|Any CPU
		{1f4fd7da-acf0-1bb1-d978-9b6e43698eb6}.Debug|Any CPU.Build.0 = Debug|Any CPU
		{7838f050-f470-22ce-3ee9-4e0cc674baf0}.Debug|Any CPU.ActiveCfg = Debug|Any CPU
		{7838f050-f470-22ce-3ee9-4e0cc674baf0}.Debug|Any CPU.Build.0 = Debug|Any CPU
		{ae801b2e-e84e-d73d-ad1c-cbc6fb182ff8}.Debug|Any CPU.ActiveCfg = Debug|Any CPU
		{ae801b2e-e84e-d73d-ad1c-cbc6fb182ff8}.Debug|Any CPU.Build.0 = Debug|Any CPU
		{47ea9a30-ab20-2501-411e-5999f2f74064}.Debug|Any CPU.ActiveCfg = Debug|Any CPU
		{47ea9a30-ab20-2501-411e-5999f2f74064}.Debug|Any CPU.Build.0 = Debug|Any CPU
		{4e4afeb1-2d95-c39e-4800-b2792adb3db5}.Debug|Any CPU.ActiveCfg = Debug|Any CPU
		{4e4afeb1-2d95-c39e-4800-b2792adb3db5}.Debug|Any CPU.Build.0 = Debug|Any CPU
		{7b7c76ec-0d1e-043b-5cd9-3b2b753cbd76}.Debug|Any CPU.ActiveCfg = Debug|Any CPU
		{7b7c76ec-0d1e-043b-5cd9-3b2b753cbd76}.Debug|Any CPU.Build.0 = Debug|Any CPU
		{b1c29152-6807-e7d2-bc4c-953bee0f1233}.Debug|Any CPU.ActiveCfg = Debug|Any CPU
		{b1c29152-6807-e7d2-bc4c-953bee0f1233}.Debug|Any CPU.Build.0 = Debug|Any CPU
		{3f016496-3576-dcb5-4361-a2d4fc3fdf14}.Debug|Any CPU.ActiveCfg = Debug|Any CPU
		{3f016496-3576-dcb5-4361-a2d4fc3fdf14}.Debug|Any CPU.Build.0 = Debug|Any CPU
		{b4dc985c-1ecf-f225-1944-27924f453045}.Debug|Any CPU.ActiveCfg = Debug|Any CPU
		{b4dc985c-1ecf-f225-1944-27924f453045}.Debug|Any CPU.Build.0 = Debug|Any CPU
		{3fa8dd5a-28b5-4811-f331-0bb7ed253bf1}.Debug|Any CPU.ActiveCfg = Debug|Any CPU
		{3fa8dd5a-28b5-4811-f331-0bb7ed253bf1}.Debug|Any CPU.Build.0 = Debug|Any CPU
		{edaa3439-f68f-2675-2437-e5002693b044}.Debug|Any CPU.ActiveCfg = Debug|Any CPU
		{edaa3439-f68f-2675-2437-e5002693b044}.Debug|Any CPU.Build.0 = Debug|Any CPU
		{42a3ab17-423d-1fdc-5601-7610a8611a08}.Debug|Any CPU.ActiveCfg = Debug|Any CPU
		{42a3ab17-423d-1fdc-5601-7610a8611a08}.Debug|Any CPU.Build.0 = Debug|Any CPU
		{f9dac681-d5a3-00d4-de5e-c91e9b14d6ef}.Debug|Any CPU.ActiveCfg = Debug|Any CPU
		{f9dac681-d5a3-00d4-de5e-c91e9b14d6ef}.Debug|Any CPU.Build.0 = Debug|Any CPU
		{37e5f22a-7177-267c-ca59-b7deafb36fd1}.Debug|Any CPU.ActiveCfg = Debug|Any CPU
		{37e5f22a-7177-267c-ca59-b7deafb36fd1}.Debug|Any CPU.Build.0 = Debug|Any CPU
		{7df4330d-d0d0-d13a-631e-d6051a73340c}.Debug|Any CPU.ActiveCfg = Debug|Any CPU
		{7df4330d-d0d0-d13a-631e-d6051a73340c}.Debug|Any CPU.Build.0 = Debug|Any CPU
		{60788185-5c63-596d-366e-abe0fb6e6d48}.Debug|Any CPU.ActiveCfg = Debug|Any CPU
		{60788185-5c63-596d-366e-abe0fb6e6d48}.Debug|Any CPU.Build.0 = Debug|Any CPU
		{4d18beee-4eaa-d232-d726-fda69790b70e}.Debug|Any CPU.ActiveCfg = Debug|Any CPU
		{4d18beee-4eaa-d232-d726-fda69790b70e}.Debug|Any CPU.Build.0 = Debug|Any CPU
		{2accb092-e2f7-3e72-cd02-f2627e50fd5d}.Debug|Any CPU.ActiveCfg = Debug|Any CPU
		{2accb092-e2f7-3e72-cd02-f2627e50fd5d}.Debug|Any CPU.Build.0 = Debug|Any CPU
		{80222b3f-d571-3b60-273f-c4aa76ea83c8}.Debug|Any CPU.ActiveCfg = Debug|Any CPU
		{80222b3f-d571-3b60-273f-c4aa76ea83c8}.Debug|Any CPU.Build.0 = Debug|Any CPU
		{23b1beab-975d-f24d-9afe-172bbce2e70c}.Debug|Any CPU.ActiveCfg = Debug|Any CPU
		{23b1beab-975d-f24d-9afe-172bbce2e70c}.Debug|Any CPU.Build.0 = Debug|Any CPU
		{ea431729-b580-7903-daa5-f692c71297a5}.Debug|Any CPU.ActiveCfg = Debug|Any CPU
		{ea431729-b580-7903-daa5-f692c71297a5}.Debug|Any CPU.Build.0 = Debug|Any CPU
		{1a8e44f7-efb8-e639-59fb-118cd5a0c059}.Debug|Any CPU.ActiveCfg = Debug|Any CPU
		{1a8e44f7-efb8-e639-59fb-118cd5a0c059}.Debug|Any CPU.Build.0 = Debug|Any CPU
		{a3a75146-9931-c2c0-2d23-898e4d30e3a7}.Debug|Any CPU.ActiveCfg = Debug|Any CPU
		{a3a75146-9931-c2c0-2d23-898e4d30e3a7}.Debug|Any CPU.Build.0 = Debug|Any CPU
		{5cb32d92-d729-5ce6-d9e0-8eb89f80afbd}.Debug|Any CPU.ActiveCfg = Debug|Any CPU
		{5cb32d92-d729-5ce6-d9e0-8eb89f80afbd}.Debug|Any CPU.Build.0 = Debug|Any CPU
		{21d8395f-5eb7-7102-cede-2daa764220a5}.Debug|Any CPU.ActiveCfg = Debug|Any CPU
		{21d8395f-5eb7-7102-cede-2daa764220a5}.Debug|Any CPU.Build.0 = Debug|Any CPU
		{1c2c516a-2046-bab2-40e6-360f4f6e35b3}.Debug|Any CPU.ActiveCfg = Debug|Any CPU
		{1c2c516a-2046-bab2-40e6-360f4f6e35b3}.Debug|Any CPU.Build.0 = Debug|Any CPU
		{43035f68-b798-a714-140a-2a8f140944e2}.Debug|Any CPU.ActiveCfg = Debug|Any CPU
		{43035f68-b798-a714-140a-2a8f140944e2}.Debug|Any CPU.Build.0 = Debug|Any CPU
		{d53394b7-a3eb-7409-b9c6-93f15029a288}.Debug|Any CPU.ActiveCfg = Debug|Any CPU
		{d53394b7-a3eb-7409-b9c6-93f15029a288}.Debug|Any CPU.Build.0 = Debug|Any CPU
		{063bee7d-7cf9-50e3-04b3-167df8cef024}.Debug|Any CPU.ActiveCfg = Debug|Any CPU
		{063bee7d-7cf9-50e3-04b3-167df8cef024}.Debug|Any CPU.Build.0 = Debug|Any CPU
		{2752ee1a-ab1c-81fa-dea5-ee6925210a78}.Debug|Any CPU.ActiveCfg = Debug|Any CPU
		{2752ee1a-ab1c-81fa-dea5-ee6925210a78}.Debug|Any CPU.Build.0 = Debug|Any CPU
		{fd60a90e-8938-673a-dc90-724c0c434be1}.Debug|Any CPU.ActiveCfg = Debug|Any CPU
		{fd60a90e-8938-673a-dc90-724c0c434be1}.Debug|Any CPU.Build.0 = Debug|Any CPU
		{9aa76bf6-083c-5511-2fe9-67fdc20a783d}.Debug|Any CPU.ActiveCfg = Debug|Any CPU
		{9aa76bf6-083c-5511-2fe9-67fdc20a783d}.Debug|Any CPU.Build.0 = Debug|Any CPU
		{f67d1be2-db92-63d8-7be4-2b9786331ae6}.Debug|Any CPU.ActiveCfg = Debug|Any CPU
		{f67d1be2-db92-63d8-7be4-2b9786331ae6}.Debug|Any CPU.Build.0 = Debug|Any CPU
		{d4b7867d-810e-9242-5503-adf62601054a}.Debug|Any CPU.ActiveCfg = Debug|Any CPU
		{d4b7867d-810e-9242-5503-adf62601054a}.Debug|Any CPU.Build.0 = Debug|Any CPU
		{910278a8-b655-43f8-48d6-cde1b63e50b8}.Debug|Any CPU.ActiveCfg = Debug|Any CPU
		{910278a8-b655-43f8-48d6-cde1b63e50b8}.Debug|Any CPU.Build.0 = Debug|Any CPU
		{44741269-bda8-f1aa-d71a-59e95d387bf3}.Debug|Any CPU.ActiveCfg = Debug|Any CPU
		{44741269-bda8-f1aa-d71a-59e95d387bf3}.Debug|Any CPU.Build.0 = Debug|Any CPU
		{d3b72e09-2640-a843-243c-41a8aad55972}.Debug|Any CPU.ActiveCfg = Debug|Any CPU
		{d3b72e09-2640-a843-243c-41a8aad55972}.Debug|Any CPU.Build.0 = Debug|Any CPU
		{2766fed0-a907-737d-efeb-d205be93949c}.Debug|Any CPU.ActiveCfg = Debug|Any CPU
		{2766fed0-a907-737d-efeb-d205be93949c}.Debug|Any CPU.Build.0 = Debug|Any CPU
		{7912eeea-9f68-5aae-05f6-bc538f10c647}.Debug|Any CPU.ActiveCfg = Debug|Any CPU
		{7912eeea-9f68-5aae-05f6-bc538f10c647}.Debug|Any CPU.Build.0 = Debug|Any CPU
		{aad1b290-68d5-6a34-0618-68c9d354abbf}.Debug|Any CPU.ActiveCfg = Debug|Any CPU
		{aad1b290-68d5-6a34-0618-68c9d354abbf}.Debug|Any CPU.Build.0 = Debug|Any CPU
		{39bb65c4-fbf6-6273-b1fc-a48d1076319f}.Debug|Any CPU.ActiveCfg = Debug|Any CPU
		{39bb65c4-fbf6-6273-b1fc-a48d1076319f}.Debug|Any CPU.Build.0 = Debug|Any CPU
		{b73f6214-fa9d-4486-6ee6-a1d1709d2ccd}.Debug|Any CPU.ActiveCfg = Debug|Any CPU
		{b73f6214-fa9d-4486-6ee6-a1d1709d2ccd}.Debug|Any CPU.Build.0 = Debug|Any CPU
		{abac3b4c-608c-eba4-0ae8-389847345990}.Debug|Any CPU.ActiveCfg = Debug|Any CPU
		{abac3b4c-608c-eba4-0ae8-389847345990}.Debug|Any CPU.Build.0 = Debug|Any CPU
		{a93569ac-11f8-5142-d295-fe528d50fb0f}.Debug|Any CPU.ActiveCfg = Debug|Any CPU
		{a93569ac-11f8-5142-d295-fe528d50fb0f}.Debug|Any CPU.Build.0 = Debug|Any CPU
		{ba144159-d6fd-c146-c65d-85ba54a5487b}.Debug|Any CPU.ActiveCfg = Debug|Any CPU
		{ba144159-d6fd-c146-c65d-85ba54a5487b}.Debug|Any CPU.Build.0 = Debug|Any CPU
		{ff14903c-ac0e-26b7-9a6a-3c8466b59a52}.Debug|Any CPU.ActiveCfg = Debug|Any CPU
		{ff14903c-ac0e-26b7-9a6a-3c8466b59a52}.Debug|Any CPU.Build.0 = Debug|Any CPU
		{1b836058-2b55-b538-567a-a8041f2c25e9}.Debug|Any CPU.ActiveCfg = Debug|Any CPU
		{1b836058-2b55-b538-567a-a8041f2c25e9}.Debug|Any CPU.Build.0 = Debug|Any CPU
		{56ae2ea7-bd45-5aad-639f-30f8a490cfc8}.Debug|Any CPU.ActiveCfg = Debug|Any CPU
		{56ae2ea7-bd45-5aad-639f-30f8a490cfc8}.Debug|Any CPU.Build.0 = Debug|Any CPU
		{51362fdb-3f8e-ca15-1ef3-c43957496e19}.Debug|Any CPU.ActiveCfg = Debug|Any CPU
		{51362fdb-3f8e-ca15-1ef3-c43957496e19}.Debug|Any CPU.Build.0 = Debug|Any CPU
		{33f02c86-8f52-9be9-1286-0487c9c95227}.Debug|Any CPU.ActiveCfg = Debug|Any CPU
		{33f02c86-8f52-9be9-1286-0487c9c95227}.Debug|Any CPU.Build.0 = Debug|Any CPU
		{17fa60db-90ca-0e93-746f-acd794430d24}.Debug|Any CPU.ActiveCfg = Debug|Any CPU
		{17fa60db-90ca-0e93-746f-acd794430d24}.Debug|Any CPU.Build.0 = Debug|Any CPU
		{07795461-a234-5f4e-394d-69a5ba7bdee3}.Debug|Any CPU.ActiveCfg = Debug|Any CPU
		{07795461-a234-5f4e-394d-69a5ba7bdee3}.Debug|Any CPU.Build.0 = Debug|Any CPU
		{281c13bb-3252-42a8-e89e-74d3fd07af9d}.Debug|Any CPU.ActiveCfg = Debug|Any CPU
		{281c13bb-3252-42a8-e89e-74d3fd07af9d}.Debug|Any CPU.Build.0 = Debug|Any CPU
		{0d1412b7-9ac2-2819-a316-e416f3478aed}.Debug|Any CPU.ActiveCfg = Debug|Any CPU
		{0d1412b7-9ac2-2819-a316-e416f3478aed}.Debug|Any CPU.Build.0 = Debug|Any CPU
		{d1af44fd-e031-ac01-2040-81b7daca9ac9}.Debug|Any CPU.ActiveCfg = Debug|Any CPU
		{d1af44fd-e031-ac01-2040-81b7daca9ac9}.Debug|Any CPU.Build.0 = Debug|Any CPU
		{9638b4e9-aa80-46f5-55d4-146d86817dfc}.Debug|Any CPU.ActiveCfg = Debug|Any CPU
		{9638b4e9-aa80-46f5-55d4-146d86817dfc}.Debug|Any CPU.Build.0 = Debug|Any CPU
		{0c978e49-4f7c-9b8a-81b2-b7a654394fe8}.Debug|Any CPU.ActiveCfg = Debug|Any CPU
		{0c978e49-4f7c-9b8a-81b2-b7a654394fe8}.Debug|Any CPU.Build.0 = Debug|Any CPU
		{68ef8910-062a-f42b-f46e-afe4513adc7e}.Debug|Any CPU.ActiveCfg = Debug|Any CPU
		{68ef8910-062a-f42b-f46e-afe4513adc7e}.Debug|Any CPU.Build.0 = Debug|Any CPU
		{dacb0b5d-65d0-0279-56a0-ad95ff4f89c6}.Debug|Any CPU.ActiveCfg = Debug|Any CPU
		{dacb0b5d-65d0-0279-56a0-ad95ff4f89c6}.Debug|Any CPU.Build.0 = Debug|Any CPU
		{34640cf3-4569-d2da-29e9-ab810e684795}.Debug|Any CPU.ActiveCfg = Debug|Any CPU
		{34640cf3-4569-d2da-29e9-ab810e684795}.Debug|Any CPU.Build.0 = Debug|Any CPU
		{574c86c4-ce8d-2e18-39b5-4a124caf92ae}.Debug|Any CPU.ActiveCfg = Debug|Any CPU
		{574c86c4-ce8d-2e18-39b5-4a124caf92ae}.Debug|Any CPU.Build.0 = Debug|Any CPU
		{f040ec2d-9bfe-b28f-79b9-6893188e865b}.Debug|Any CPU.ActiveCfg = Debug|Any CPU
		{f040ec2d-9bfe-b28f-79b9-6893188e865b}.Debug|Any CPU.Build.0 = Debug|Any CPU
		{2f286697-f272-1214-6536-7118e33c7f93}.Debug|Any CPU.ActiveCfg = Debug|Any CPU
		{2f286697-f272-1214-6536-7118e33c7f93}.Debug|Any CPU.Build.0 = Debug|Any CPU
		{45374b0b-5f61-94ff-30ad-3832faa45006}.Debug|Any CPU.ActiveCfg = Debug|Any CPU
		{45374b0b-5f61-94ff-30ad-3832faa45006}.Debug|Any CPU.Build.0 = Debug|Any CPU
		{c5b3a745-0a97-6d00-725e-330e03f184ae}.Debug|Any CPU.ActiveCfg = Debug|Any CPU
		{c5b3a745-0a97-6d00-725e-330e03f184ae}.Debug|Any CPU.Build.0 = Debug|Any CPU
		{45e5b32a-b7f5-c38e-3ca0-6b5de765df75}.Debug|Any CPU.ActiveCfg = Debug|Any CPU
		{45e5b32a-b7f5-c38e-3ca0-6b5de765df75}.Debug|Any CPU.Build.0 = Debug|Any CPU
		{224292aa-fd84-83f5-5483-7a91246967f8}.Debug|Any CPU.ActiveCfg = Debug|Any CPU
		{224292aa-fd84-83f5-5483-7a91246967f8}.Debug|Any CPU.Build.0 = Debug|Any CPU
		{9a85f765-481d-3cef-6d4e-55de41e3ac33}.Debug|Any CPU.ActiveCfg = Debug|Any CPU
		{9a85f765-481d-3cef-6d4e-55de41e3ac33}.Debug|Any CPU.Build.0 = Debug|Any CPU
		{3676e426-137a-8ed7-c620-63131fe3b7e1}.Debug|Any CPU.ActiveCfg = Debug|Any CPU
		{3676e426-137a-8ed7-c620-63131fe3b7e1}.Debug|Any CPU.Build.0 = Debug|Any CPU
		{1fe804c1-4aa6-b41c-27fd-cc21086ad086}.Debug|Any CPU.ActiveCfg = Debug|Any CPU
		{1fe804c1-4aa6-b41c-27fd-cc21086ad086}.Debug|Any CPU.Build.0 = Debug|Any CPU
		{a3c0cd75-6d81-c764-c7d3-53af42c52fa8}.Debug|Any CPU.ActiveCfg = Debug|Any CPU
		{a3c0cd75-6d81-c764-c7d3-53af42c52fa8}.Debug|Any CPU.Build.0 = Debug|Any CPU
		{e800a0c3-44a8-c483-03f6-2b1221c6dad5}.Debug|Any CPU.ActiveCfg = Debug|Any CPU
		{e800a0c3-44a8-c483-03f6-2b1221c6dad5}.Debug|Any CPU.Build.0 = Debug|Any CPU
		{4014936e-9c3e-e189-a87e-b0de5996be7f}.Debug|Any CPU.ActiveCfg = Debug|Any CPU
		{4014936e-9c3e-e189-a87e-b0de5996be7f}.Debug|Any CPU.Build.0 = Debug|Any CPU
		{dbf5bcb8-560e-eb11-c1c4-4774f2719558}.Debug|Any CPU.ActiveCfg = Debug|Any CPU
		{dbf5bcb8-560e-eb11-c1c4-4774f2719558}.Debug|Any CPU.Build.0 = Debug|Any CPU
		{cac910ae-7b18-a150-4fa1-651ce28290bf}.Debug|Any CPU.ActiveCfg = Debug|Any CPU
		{cac910ae-7b18-a150-4fa1-651ce28290bf}.Debug|Any CPU.Build.0 = Debug|Any CPU
	EndGlobalSection
	GlobalSection(SolutionProperties) = preSolution
		HideSolutionNode = FALSE
	EndGlobalSection
EndGlobal
